// !$*UTF8*$!
{
	archiveVersion = 1;
	classes = {
	};
	objectVersion = 56;
	objects = {

/* Begin PBXBuildFile section */
		E91C95FD2A7AC4AB0030B98C /* TamagotchiGameApp.swift in Sources */ = {isa = PBXBuildFile; fileRef = E91C95FC2A7AC4AB0030B98C /* TamagotchiGameApp.swift */; };
		E91C95FF2A7AC4AB0030B98C /* ContentView.swift in Sources */ = {isa = PBXBuildFile; fileRef = E91C95FE2A7AC4AB0030B98C /* ContentView.swift */; };
		E91C96012A7AC4AC0030B98C /* Assets.xcassets in Resources */ = {isa = PBXBuildFile; fileRef = E91C96002A7AC4AC0030B98C /* Assets.xcassets */; };
		E91C96042A7AC4AC0030B98C /* Preview Assets.xcassets in Resources */ = {isa = PBXBuildFile; fileRef = E91C96032A7AC4AC0030B98C /* Preview Assets.xcassets */; };
		E91C96062A7AC4AC0030B98C /* Persistence.swift in Sources */ = {isa = PBXBuildFile; fileRef = E91C96052A7AC4AC0030B98C /* Persistence.swift */; };
		E91C96092A7AC4AC0030B98C /* TamagotchiGame.xcdatamodeld in Sources */ = {isa = PBXBuildFile; fileRef = E91C96072A7AC4AC0030B98C /* TamagotchiGame.xcdatamodeld */; };
		E91C96102A7B545B0030B98C /* Model.swift in Sources */ = {isa = PBXBuildFile; fileRef = E91C960F2A7B545B0030B98C /* Model.swift */; };
/* End PBXBuildFile section */

/* Begin PBXFileReference section */
		E91C95F92A7AC4AB0030B98C /* TamagotchiGame.app */ = {isa = PBXFileReference; explicitFileType = wrapper.application; includeInIndex = 0; path = TamagotchiGame.app; sourceTree = BUILT_PRODUCTS_DIR; };
		E91C95FC2A7AC4AB0030B98C /* TamagotchiGameApp.swift */ = {isa = PBXFileReference; lastKnownFileType = sourcecode.swift; path = TamagotchiGameApp.swift; sourceTree = "<group>"; };
		E91C95FE2A7AC4AB0030B98C /* ContentView.swift */ = {isa = PBXFileReference; lastKnownFileType = sourcecode.swift; path = ContentView.swift; sourceTree = "<group>"; };
		E91C96002A7AC4AC0030B98C /* Assets.xcassets */ = {isa = PBXFileReference; lastKnownFileType = folder.assetcatalog; path = Assets.xcassets; sourceTree = "<group>"; };
		E91C96032A7AC4AC0030B98C /* Preview Assets.xcassets */ = {isa = PBXFileReference; lastKnownFileType = folder.assetcatalog; path = "Preview Assets.xcassets"; sourceTree = "<group>"; };
		E91C96052A7AC4AC0030B98C /* Persistence.swift */ = {isa = PBXFileReference; lastKnownFileType = sourcecode.swift; path = Persistence.swift; sourceTree = "<group>"; };
		E91C96082A7AC4AC0030B98C /* TamagotchiGame.xcdatamodel */ = {isa = PBXFileReference; lastKnownFileType = wrapper.xcdatamodel; path = TamagotchiGame.xcdatamodel; sourceTree = "<group>"; };
		E91C960F2A7B545B0030B98C /* Model.swift */ = {isa = PBXFileReference; lastKnownFileType = sourcecode.swift; path = Model.swift; sourceTree = "<group>"; };
/* End PBXFileReference section */

/* Begin PBXFrameworksBuildPhase section */
		E91C95F62A7AC4AB0030B98C /* Frameworks */ = {
			isa = PBXFrameworksBuildPhase;
			buildActionMask = 2147483647;
			files = (
			);
			runOnlyForDeploymentPostprocessing = 0;
		};
/* End PBXFrameworksBuildPhase section */

/* Begin PBXGroup section */
		E91C95F02A7AC4AA0030B98C = {
			isa = PBXGroup;
			children = (
				E91C95FB2A7AC4AB0030B98C /* TamagotchiGame */,
				E91C95FA2A7AC4AB0030B98C /* Products */,
			);
			sourceTree = "<group>";
		};
		E91C95FA2A7AC4AB0030B98C /* Products */ = {
			isa = PBXGroup;
			children = (
				E91C95F92A7AC4AB0030B98C /* TamagotchiGame.app */,
			);
			name = Products;
			sourceTree = "<group>";
		};
		E91C95FB2A7AC4AB0030B98C /* TamagotchiGame */ = {
			isa = PBXGroup;
			children = (
				E91C95FC2A7AC4AB0030B98C /* TamagotchiGameApp.swift */,
				E91C960F2A7B545B0030B98C /* Model.swift */,
				E91C95FE2A7AC4AB0030B98C /* ContentView.swift */,
				E91C96002A7AC4AC0030B98C /* Assets.xcassets */,
				E91C96052A7AC4AC0030B98C /* Persistence.swift */,
				E91C96072A7AC4AC0030B98C /* TamagotchiGame.xcdatamodeld */,
				E91C96022A7AC4AC0030B98C /* Preview Content */,
			);
			path = TamagotchiGame;
			sourceTree = "<group>";
		};
		E91C96022A7AC4AC0030B98C /* Preview Content */ = {
			isa = PBXGroup;
			children = (
				E91C96032A7AC4AC0030B98C /* Preview Assets.xcassets */,
			);
			path = "Preview Content";
			sourceTree = "<group>";
		};
/* End PBXGroup section */

/* Begin PBXNativeTarget section */
		E91C95F82A7AC4AB0030B98C /* TamagotchiGame */ = {
			isa = PBXNativeTarget;
			buildConfigurationList = E91C960C2A7AC4AC0030B98C /* Build configuration list for PBXNativeTarget "TamagotchiGame" */;
			buildPhases = (
				E91C95F52A7AC4AB0030B98C /* Sources */,
				E91C95F62A7AC4AB0030B98C /* Frameworks */,
				E91C95F72A7AC4AB0030B98C /* Resources */,
			);
			buildRules = (
			);
			dependencies = (
			);
			name = TamagotchiGame;
			productName = TamagotchiGame;
			productReference = E91C95F92A7AC4AB0030B98C /* TamagotchiGame.app */;
			productType = "com.apple.product-type.application";
		};
/* End PBXNativeTarget section */

/* Begin PBXProject section */
		E91C95F12A7AC4AA0030B98C /* Project object */ = {
			isa = PBXProject;
			attributes = {
				BuildIndependentTargetsInParallel = 1;
				LastSwiftUpdateCheck = 1420;
				LastUpgradeCheck = 1420;
				TargetAttributes = {
					E91C95F82A7AC4AB0030B98C = {
						CreatedOnToolsVersion = 14.2;
					};
				};
			};
			buildConfigurationList = E91C95F42A7AC4AA0030B98C /* Build configuration list for PBXProject "TamagotchiGame" */;
			compatibilityVersion = "Xcode 14.0";
			developmentRegion = en;
			hasScannedForEncodings = 0;
			knownRegions = (
				en,
				Base,
			);
			mainGroup = E91C95F02A7AC4AA0030B98C;
			productRefGroup = E91C95FA2A7AC4AB0030B98C /* Products */;
			projectDirPath = "";
			projectRoot = "";
			targets = (
				E91C95F82A7AC4AB0030B98C /* TamagotchiGame */,
			);
		};
/* End PBXProject section */

/* Begin PBXResourcesBuildPhase section */
		E91C95F72A7AC4AB0030B98C /* Resources */ = {
			isa = PBXResourcesBuildPhase;
			buildActionMask = 2147483647;
			files = (
				E91C96042A7AC4AC0030B98C /* Preview Assets.xcassets in Resources */,
				E91C96012A7AC4AC0030B98C /* Assets.xcassets in Resources */,
			);
			runOnlyForDeploymentPostprocessing = 0;
		};
/* End PBXResourcesBuildPhase section */

/* Begin PBXSourcesBuildPhase section */
		E91C95F52A7AC4AB0030B98C /* Sources */ = {
			isa = PBXSourcesBuildPhase;
			buildActionMask = 2147483647;
			files = (
				E91C96102A7B545B0030B98C /* Model.swift in Sources */,
				E91C96062A7AC4AC0030B98C /* Persistence.swift in Sources */,
				E91C95FF2A7AC4AB0030B98C /* ContentView.swift in Sources */,
				E91C96092A7AC4AC0030B98C /* TamagotchiGame.xcdatamodeld in Sources */,
				E91C95FD2A7AC4AB0030B98C /* TamagotchiGameApp.swift in Sources */,
			);
			runOnlyForDeploymentPostprocessing = 0;
		};
/* End PBXSourcesBuildPhase section */

/* Begin XCBuildConfiguration section */
		E91C960A2A7AC4AC0030B98C /* Debug */ = {
			isa = XCBuildConfiguration;
			buildSettings = {
				ALWAYS_SEARCH_USER_PATHS = NO;
				CLANG_ANALYZER_NONNULL = YES;
				CLANG_ANALYZER_NUMBER_OBJECT_CONVERSION = YES_AGGRESSIVE;
				CLANG_CXX_LANGUAGE_STANDARD = "gnu++20";
				CLANG_ENABLE_MODULES = YES;
				CLANG_ENABLE_OBJC_ARC = YES;
				CLANG_ENABLE_OBJC_WEAK = YES;
				CLANG_WARN_BLOCK_CAPTURE_AUTORELEASING = YES;
				CLANG_WARN_BOOL_CONVERSION = YES;
				CLANG_WARN_COMMA = YES;
				CLANG_WARN_CONSTANT_CONVERSION = YES;
				CLANG_WARN_DEPRECATED_OBJC_IMPLEMENTATIONS = YES;
				CLANG_WARN_DIRECT_OBJC_ISA_USAGE = YES_ERROR;
				CLANG_WARN_DOCUMENTATION_COMMENTS = YES;
				CLANG_WARN_EMPTY_BODY = YES;
				CLANG_WARN_ENUM_CONVERSION = YES;
				CLANG_WARN_INFINITE_RECURSION = YES;
				CLANG_WARN_INT_CONVERSION = YES;
				CLANG_WARN_NON_LITERAL_NULL_CONVERSION = YES;
				CLANG_WARN_OBJC_IMPLICIT_RETAIN_SELF = YES;
				CLANG_WARN_OBJC_LITERAL_CONVERSION = YES;
				CLANG_WARN_OBJC_ROOT_CLASS = YES_ERROR;
				CLANG_WARN_QUOTED_INCLUDE_IN_FRAMEWORK_HEADER = YES;
				CLANG_WARN_RANGE_LOOP_ANALYSIS = YES;
				CLANG_WARN_STRICT_PROTOTYPES = YES;
				CLANG_WARN_SUSPICIOUS_MOVE = YES;
				CLANG_WARN_UNGUARDED_AVAILABILITY = YES_AGGRESSIVE;
				CLANG_WARN_UNREACHABLE_CODE = YES;
				CLANG_WARN__DUPLICATE_METHOD_MATCH = YES;
				COPY_PHASE_STRIP = NO;
				DEBUG_INFORMATION_FORMAT = dwarf;
				ENABLE_STRICT_OBJC_MSGSEND = YES;
				ENABLE_TESTABILITY = YES;
				GCC_C_LANGUAGE_STANDARD = gnu11;
				GCC_DYNAMIC_NO_PIC = NO;
				GCC_NO_COMMON_BLOCKS = YES;
				GCC_OPTIMIZATION_LEVEL = 0;
				GCC_PREPROCESSOR_DEFINITIONS = (
					"DEBUG=1",
					"$(inherited)",
				);
				GCC_WARN_64_TO_32_BIT_CONVERSION = YES;
				GCC_WARN_ABOUT_RETURN_TYPE = YES_ERROR;
				GCC_WARN_UNDECLARED_SELECTOR = YES;
				GCC_WARN_UNINITIALIZED_AUTOS = YES_AGGRESSIVE;
				GCC_WARN_UNUSED_FUNCTION = YES;
				GCC_WARN_UNUSED_VARIABLE = YES;
				IPHONEOS_DEPLOYMENT_TARGET = 16.2;
				MTL_ENABLE_DEBUG_INFO = INCLUDE_SOURCE;
				MTL_FAST_MATH = YES;
				ONLY_ACTIVE_ARCH = YES;
				SDKROOT = iphoneos;
				SWIFT_ACTIVE_COMPILATION_CONDITIONS = DEBUG;
				SWIFT_OPTIMIZATION_LEVEL = "-Onone";
			};
			name = Debug;
		};
		E91C960B2A7AC4AC0030B98C /* Release */ = {
			isa = XCBuildConfiguration;
			buildSettings = {
				ALWAYS_SEARCH_USER_PATHS = NO;
				CLANG_ANALYZER_NONNULL = YES;
				CLANG_ANALYZER_NUMBER_OBJECT_CONVERSION = YES_AGGRESSIVE;
				CLANG_CXX_LANGUAGE_STANDARD = "gnu++20";
				CLANG_ENABLE_MODULES = YES;
				CLANG_ENABLE_OBJC_ARC = YES;
				CLANG_ENABLE_OBJC_WEAK = YES;
				CLANG_WARN_BLOCK_CAPTURE_AUTORELEASING = YES;
				CLANG_WARN_BOOL_CONVERSION = YES;
				CLANG_WARN_COMMA = YES;
				CLANG_WARN_CONSTANT_CONVERSION = YES;
				CLANG_WARN_DEPRECATED_OBJC_IMPLEMENTATIONS = YES;
				CLANG_WARN_DIRECT_OBJC_ISA_USAGE = YES_ERROR;
				CLANG_WARN_DOCUMENTATION_COMMENTS = YES;
				CLANG_WARN_EMPTY_BODY = YES;
				CLANG_WARN_ENUM_CONVERSION = YES;
				CLANG_WARN_INFINITE_RECURSION = YES;
				CLANG_WARN_INT_CONVERSION = YES;
				CLANG_WARN_NON_LITERAL_NULL_CONVERSION = YES;
				CLANG_WARN_OBJC_IMPLICIT_RETAIN_SELF = YES;
				CLANG_WARN_OBJC_LITERAL_CONVERSION = YES;
				CLANG_WARN_OBJC_ROOT_CLASS = YES_ERROR;
				CLANG_WARN_QUOTED_INCLUDE_IN_FRAMEWORK_HEADER = YES;
				CLANG_WARN_RANGE_LOOP_ANALYSIS = YES;
				CLANG_WARN_STRICT_PROTOTYPES = YES;
				CLANG_WARN_SUSPICIOUS_MOVE = YES;
				CLANG_WARN_UNGUARDED_AVAILABILITY = YES_AGGRESSIVE;
				CLANG_WARN_UNREACHABLE_CODE = YES;
				CLANG_WARN__DUPLICATE_METHOD_MATCH = YES;
				COPY_PHASE_STRIP = NO;
				DEBUG_INFORMATION_FORMAT = "dwarf-with-dsym";
				ENABLE_NS_ASSERTIONS = NO;
				ENABLE_STRICT_OBJC_MSGSEND = YES;
				GCC_C_LANGUAGE_STANDARD = gnu11;
				GCC_NO_COMMON_BLOCKS = YES;
				GCC_WARN_64_TO_32_BIT_CONVERSION = YES;
				GCC_WARN_ABOUT_RETURN_TYPE = YES_ERROR;
				GCC_WARN_UNDECLARED_SELECTOR = YES;
				GCC_WARN_UNINITIALIZED_AUTOS = YES_AGGRESSIVE;
				GCC_WARN_UNUSED_FUNCTION = YES;
				GCC_WARN_UNUSED_VARIABLE = YES;
				IPHONEOS_DEPLOYMENT_TARGET = 16.2;
				MTL_ENABLE_DEBUG_INFO = NO;
				MTL_FAST_MATH = YES;
				SDKROOT = iphoneos;
				SWIFT_COMPILATION_MODE = wholemodule;
				SWIFT_OPTIMIZATION_LEVEL = "-O";
				VALIDATE_PRODUCT = YES;
			};
			name = Release;
		};
		E91C960D2A7AC4AC0030B98C /* Debug */ = {
			isa = XCBuildConfiguration;
			buildSettings = {
				ASSETCATALOG_COMPILER_APPICON_NAME = AppIcon;
				ASSETCATALOG_COMPILER_GLOBAL_ACCENT_COLOR_NAME = AccentColor;
				CODE_SIGN_STYLE = Automatic;
				CURRENT_PROJECT_VERSION = 1;
				DEVELOPMENT_ASSET_PATHS = "\"TamagotchiGame/Preview Content\"";
				ENABLE_PREVIEWS = YES;
				GENERATE_INFOPLIST_FILE = YES;
				INFOPLIST_KEY_UIApplicationSceneManifest_Generation = YES;
				INFOPLIST_KEY_UIApplicationSupportsIndirectInputEvents = YES;
				INFOPLIST_KEY_UILaunchScreen_Generation = YES;
				INFOPLIST_KEY_UISupportedInterfaceOrientations_iPad = "UIInterfaceOrientationPortrait UIInterfaceOrientationPortraitUpsideDown UIInterfaceOrientationLandscapeLeft UIInterfaceOrientationLandscapeRight";
				INFOPLIST_KEY_UISupportedInterfaceOrientations_iPhone = "UIInterfaceOrientationPortrait UIInterfaceOrientationLandscapeLeft UIInterfaceOrientationLandscapeRight";
				LD_RUNPATH_SEARCH_PATHS = (
					"$(inherited)",
					"@executable_path/Frameworks",
				);
				MARKETING_VERSION = 1.0;
				PRODUCT_BUNDLE_IDENTIFIER = com.ivyrichardson.TamagotchiGame;
				PRODUCT_NAME = "$(TARGET_NAME)";
				SWIFT_EMIT_LOC_STRINGS = YES;
				SWIFT_VERSION = 5.0;
				TARGETED_DEVICE_FAMILY = "1,2";
			};
			name = Debug;
		};
		E91C960E2A7AC4AC0030B98C /* Release */ = {
			isa = XCBuildConfiguration;
			buildSettings = {
				ASSETCATALOG_COMPILER_APPICON_NAME = AppIcon;
				ASSETCATALOG_COMPILER_GLOBAL_ACCENT_COLOR_NAME = AccentColor;
				CODE_SIGN_STYLE = Automatic;
				CURRENT_PROJECT_VERSION = 1;
				DEVELOPMENT_ASSET_PATHS = "\"TamagotchiGame/Preview Content\"";
				ENABLE_PREVIEWS = YES;
				GENERATE_INFOPLIST_FILE = YES;
				INFOPLIST_KEY_UIApplicationSceneManifest_Generation = YES;
				INFOPLIST_KEY_UIApplicationSupportsIndirectInputEvents = YES;
				INFOPLIST_KEY_UILaunchScreen_Generation = YES;
				INFOPLIST_KEY_UISupportedInterfaceOrientations_iPad = "UIInterfaceOrientationPortrait UIInterfaceOrientationPortraitUpsideDown UIInterfaceOrientationLandscapeLeft UIInterfaceOrientationLandscapeRight";
				INFOPLIST_KEY_UISupportedInterfaceOrientations_iPhone = "UIInterfaceOrientationPortrait UIInterfaceOrientationLandscapeLeft UIInterfaceOrientationLandscapeRight";
				LD_RUNPATH_SEARCH_PATHS = (
					"$(inherited)",
					"@executable_path/Frameworks",
				);
				MARKETING_VERSION = 1.0;
				PRODUCT_BUNDLE_IDENTIFIER = com.ivyrichardson.TamagotchiGame;
				PRODUCT_NAME = "$(TARGET_NAME)";
				SWIFT_EMIT_LOC_STRINGS = YES;
				SWIFT_VERSION = 5.0;
				TARGETED_DEVICE_FAMILY = "1,2";
			};
			name = Release;
		};
/* End XCBuildConfiguration section */

/* Begin XCConfigurationList section */
		E91C95F42A7AC4AA0030B98C /* Build configuration list for PBXProject "TamagotchiGame" */ = {
			isa = XCConfigurationList;
			buildConfigurations = (
				E91C960A2A7AC4AC0030B98C /* Debug */,
				E91C960B2A7AC4AC0030B98C /* Release */,
			);
			defaultConfigurationIsVisible = 0;
			defaultConfigurationName = Release;
		};
		E91C960C2A7AC4AC0030B98C /* Build configuration list for PBXNativeTarget "TamagotchiGame" */ = {
			isa = XCConfigurationList;
			buildConfigurations = (
				E91C960D2A7AC4AC0030B98C /* Debug */,
				E91C960E2A7AC4AC0030B98C /* Release */,
			);
			defaultConfigurationIsVisible = 0;
			defaultConfigurationName = Release;
		};
/* End XCConfigurationList section */

/* Begin XCVersionGroup section */
		E91C96072A7AC4AC0030B98C /* TamagotchiGame.xcdatamodeld */ = {
			isa = XCVersionGroup;
			children = (
				E91C96082A7AC4AC0030B98C /* TamagotchiGame.xcdatamodel */,
			);
			currentVersion = E91C96082A7AC4AC0030B98C /* TamagotchiGame.xcdatamodel */;
			path = TamagotchiGame.xcdatamodeld;
			sourceTree = "<group>";
			versionGroupType = wrapper.xcdatamodel;
		};
/* End XCVersionGroup section */
	};
	rootObject = E91C95F12A7AC4AA0030B98C /* Project object */;
}
